
Microsoft Visual Studio Solution File, Format Version 12.00
# Visual Studio 2017
Project("{FAE04EC0-301F-11D3-BF4B-00C04F79EFBC}") = "SACHS Video playback", "SACHS Video playback.csproj", "{44B4F07B-B25C-E169-A85E-F6E1236660A8}"
EndProject
Project("{FAE04EC0-301F-11D3-BF4B-00C04F79EFBC}") = "SACHS Video playback.Editor", "SACHS Video playback.Editor.csproj", "{0B4F07E2-0286-81F7-CDBE-A762FF28E0F2}"
EndProject
Global
	GlobalSection(SolutionConfigurationPlatforms) = preSolution
		Debug|Any CPU = Debug|Any CPU
		Release|Any CPU = Release|Any CPU
	EndGlobalSection
	GlobalSection(ProjectConfigurationPlatforms) = postSolution
		{44B4F07B-B25C-E169-A85E-F6E1236660A8}.Debug|Any CPU.ActiveCfg = Debug|Any CPU
		{44B4F07B-B25C-E169-A85E-F6E1236660A8}.Debug|Any CPU.Build.0 = Debug|Any CPU
		{44B4F07B-B25C-E169-A85E-F6E1236660A8}.Release|Any CPU.ActiveCfg = Release|Any CPU
		{44B4F07B-B25C-E169-A85E-F6E1236660A8}.Release|Any CPU.Build.0 = Release|Any CPU
		{0B4F07E2-0286-81F7-CDBE-A762FF28E0F2}.Debug|Any CPU.ActiveCfg = Debug|Any CPU
		{0B4F07E2-0286-81F7-CDBE-A762FF28E0F2}.Debug|Any CPU.Build.0 = Debug|Any CPU
		{0B4F07E2-0286-81F7-CDBE-A762FF28E0F2}.Release|Any CPU.ActiveCfg = Release|Any CPU
		{0B4F07E2-0286-81F7-CDBE-A762FF28E0F2}.Release|Any CPU.Build.0 = Release|Any CPU
	EndGlobalSection
	GlobalSection(SolutionProperties) = preSolution
		HideSolutionNode = FALSE
	EndGlobalSection
EndGlobal
